
Microsoft Visual Studio Solution File, Format Version 12.00
# Visual Studio Version 17
VisualStudioVersion = 17.4.33103.184
MinimumVisualStudioVersion = 10.0.40219.1
Project("{FAE04EC0-301F-11D3-BF4B-00C04F79EFBC}") = "MyApp.Presentation", "MyApp\MyApp.Presentation.csproj", "{9E9E16FC-82F5-4F9D-9FBE-B90CF3BB75CD}"
EndProject
Project("{FAE04EC0-301F-11D3-BF4B-00C04F79EFBC}") = "MyApp.BusinessLogic", "MyApp.BusinessLogic\MyApp.BusinessLogic.csproj", "{6081FD9D-BC33-4E8C-839E-3FC098F0A5F3}"
EndProject
Project("{FAE04EC0-301F-11D3-BF4B-00C04F79EFBC}") = "MyApp.Repository", "MyApp.Repository\MyApp.Repository.csproj", "{9598B57C-B199-4A45-A9F0-E28E212AF0A5}"
EndProject
Global
	GlobalSection(SolutionConfigurationPlatforms) = preSolution
		Debug|Any CPU = Debug|Any CPU
		Release|Any CPU = Release|Any CPU
	EndGlobalSection
	GlobalSection(ProjectConfigurationPlatforms) = postSolution
		{9E9E16FC-82F5-4F9D-9FBE-B90CF3BB75CD}.Debug|Any CPU.ActiveCfg = Debug|Any CPU
		{9E9E16FC-82F5-4F9D-9FBE-B90CF3BB75CD}.Debug|Any CPU.Build.0 = Debug|Any CPU
		{9E9E16FC-82F5-4F9D-9FBE-B90CF3BB75CD}.Release|Any CPU.ActiveCfg = Release|Any CPU
		{9E9E16FC-82F5-4F9D-9FBE-B90CF3BB75CD}.Release|Any CPU.Build.0 = Release|Any CPU
		{6081FD9D-BC33-4E8C-839E-3FC098F0A5F3}.Debug|Any CPU.ActiveCfg = Debug|Any CPU
		{6081FD9D-BC33-4E8C-839E-3FC098F0A5F3}.Debug|Any CPU.Build.0 = Debug|Any CPU
		{6081FD9D-BC33-4E8C-839E-3FC098F0A5F3}.Release|Any CPU.ActiveCfg = Release|Any CPU
		{6081FD9D-BC33-4E8C-839E-3FC098F0A5F3}.Release|Any CPU.Build.0 = Release|Any CPU
		{9598B57C-B199-4A45-A9F0-E28E212AF0A5}.Debug|Any CPU.ActiveCfg = Debug|Any CPU
		{9598B57C-B199-4A45-A9F0-E28E212AF0A5}.Debug|Any CPU.Build.0 = Debug|Any CPU
		{9598B57C-B199-4A45-A9F0-E28E212AF0A5}.Release|Any CPU.ActiveCfg = Release|Any CPU
		{9598B57C-B199-4A45-A9F0-E28E212AF0A5}.Release|Any CPU.Build.0 = Release|Any CPU
	EndGlobalSection
	GlobalSection(SolutionProperties) = preSolution
		HideSolutionNode = FALSE
	EndGlobalSection
	GlobalSection(ExtensibilityGlobals) = postSolution
		SolutionGuid = {11CE79DD-89C8-4101-BE67-1174BF3447BE}
	EndGlobalSection
EndGlobal
